{
    "config": {
        "bohr_framework_version": "0.3.9-rc",
        "tasks": {
            "bugginess-1k": {
                "top_artifact": "bohr.artifacts.commit.Commit",
                "label_categories": [
                    "CommitLabel.NonBugFix",
                    "CommitLabel.BugFix"
                ],
                "test_datasets": [
                    "1151-commits",
                    "berger"
                ],
                "train_datasets": [
                    "bugginess_train_1k"
                ],
                "label_column_name": "bug"
            },
            "smells_10": {
                "top_artifact": "bohr.artifacts.method.Method",
                "label_categories": [
                    "SnippetLabel.NonSmelly",
                    "SnippetLabel.Smelly"
                ],
                "test_datasets": [
                    "smells-test_10"
                ],
                "train_datasets": [
                    "smells-train_10"
                ],
                "label_column_name": "smelly"
            }
        },
        "datasets": {
            "berger": {
                "path": "berger.csv",
                "mapper": "bohr.templates.datamappers.commit.CommitMapper",
                "test_set": "true",
                "preprocessor": "copy",
                "loader": "csv"
            },
            "1151-commits": {
                "path": "1151-commits.csv",
                "mapper": "bohr.templates.datamappers.commit.CommitMapper",
                "test_set": "true",
                "preprocessor": "copy",
                "loader": "csv"
            },
            "bugginess_train_1k": {
                "path": "bugginess_train.7z",
                "mapper": "bohr.templates.datamappers.commit.CommitMapper",
                "test_set": "false",
                "loader": "csv",
                "preprocessor": "7z",
                "main_file": "train/bug_sample.csv",
                "n_rows": 1000
            },
            "smells-train_10": {
                "path": "smells-madeyski.csv",
                "path_preprocessed": "smells/train.csv",
                "mapper": "bohr.templates.datamappers.method.MethodMapper",
                "test_set": "false",
                "loader": "csv",
                "preprocessor": "data-preprocessing/smells.sh",
                "n_rows": 10,
                "sep": ";"
            },
            "smells-test_10": {
                "path": "smells-madeyski.csv",
                "path_preprocessed": "smells/test.csv",
                "mapper": "bohr.templates.datamappers.method.MethodMapper",
                "test_set": "false",
                "loader": "csv",
                "preprocessor": "data-preprocessing/smells.sh",
                "n_rows": 10,
                "sep": ";"
            }
        }
    },
    "heuristics": {
        "heuristics/smells.py": "8a0ce66efaed67530523be6b8f95ccf5",
        "heuristics/bugginess/main_heurstics.py": "f6f7a772734ac4a4480ad90891c7f854",
        "heuristics/bugginess/tool_heuristics.py": "844a3d49f4b06f24f0eab2fe4dbc8f31"
    },
    "manual_stages": {}
}