preprocess_bugginess_test:
  cmd: cp downloaded-data/{1151-commits.csv,berger.csv,herzig.csv} data/bugginess/test
  deps:
  - path: downloaded-data/1151-commits.csv
    md5: 7b32f404edf5982eb4c5f51b956663c4
    size: 341651
  - path: downloaded-data/berger.csv
    md5: 71b9738db6cb47e3af599da316e3b570
    size: 60847
  - path: downloaded-data/herzig.csv
    md5: 279936268f488e1e613f81a537f29055
    size: 1458311
  outs:
  - path: data/bugginess/test/1151-commits.csv
    md5: 7b32f404edf5982eb4c5f51b956663c4
    size: 341651
  - path: data/bugginess/test/berger.csv
    md5: 71b9738db6cb47e3af599da316e3b570
    size: 60847
  - path: data/bugginess/test/herzig.csv
    md5: 279936268f488e1e613f81a537f29055
    size: 1458311
preprocess_smells:
  cmd: bash data-preprocessing/smells.sh
  deps:
  - path: data-preprocessing/smells.sh
    md5: 1792bc2011c1aba4d51cdca74beee11e
    size: 2148
  - path: downloaded-data/smells-madeyski.csv
    md5: 3d60d277b9fa1306c05ccfdefe22e9d1
    size: 7513770
  outs:
  - path: data/smells/test.csv
    md5: 0200db0eec17554a48a5b3a25719fd03
    size: 77607
  - path: data/smells/train.csv
    md5: 7fc9a7617e6f201523fba311317ba48f
    size: 296970
parse_labels:
  cmd: bohr parse-labels
  deps:
  - path: labels
    md5: 2bdf7e3a52cf1d386b1edfc4558f2f55.dir
    size: 552
    nfiles: 3
  outs:
  - path: labels.py
    md5: 4ad220b4c289b2d8597bd6431c6565a6
    size: 1707
smells_10_apply_heuristics__heuristics_smells__dataloaders_smells-test_10:
  cmd: bohr apply-heuristics smells_10 --heuristic-group heuristics.smells --dataset
    dataloaders.smells-test_10
  deps:
  - path: data/smells/test.csv
    md5: 0200db0eec17554a48a5b3a25719fd03
    size: 77607
  - path: dataloaders/smells-test_10.py
    md5: e060532d9db88d688a7c9c901c0da826
    size: 305
  - path: heuristics/keywords
    md5: b4e7587c1b8e4e1461685a305d48bd66.dir
    size: 1382
    nfiles: 5
  - path: heuristics/smells.py
    md5: 8a0ce66efaed67530523be6b8f95ccf5
    size: 720
  - path: labels.py
    md5: 4ad220b4c289b2d8597bd6431c6565a6
    size: 1707
  params:
    bohr.json:
      bohr_framework_version: 0.3.5-rc
  outs:
  - path: generated/smells_10/heuristics.smells/heuristic_matrix_dataloaders.smells-test_10.pkl
    md5: e2d56b2b7c4e0b4b86c2ea0d691f9d78
    size: 1062
  - path: metrics/smells_10/heuristics.smells/heuristic_metrics_dataloaders.smells-test_10.json
    md5: b086b94d247f5a011749cd1e968bf59d
    size: 43
smells_10_apply_heuristics__heuristics_smells__dataloaders_smells-train_10:
  cmd: bohr apply-heuristics smells_10 --heuristic-group heuristics.smells --dataset
    dataloaders.smells-train_10
  deps:
  - path: data/smells/train.csv
    md5: 7fc9a7617e6f201523fba311317ba48f
    size: 296970
  - path: dataloaders/smells-train_10.py
    md5: 74090f91e5978f8e5a8589010c132ce8
    size: 307
  - path: heuristics/keywords
    md5: b4e7587c1b8e4e1461685a305d48bd66.dir
    size: 1382
    nfiles: 5
  - path: heuristics/smells.py
    md5: 8a0ce66efaed67530523be6b8f95ccf5
    size: 720
  - path: labels.py
    md5: 4ad220b4c289b2d8597bd6431c6565a6
    size: 1707
  params:
    bohr.json:
      bohr_framework_version: 0.3.5-rc
  outs:
  - path: generated/smells_10/heuristics.smells/heuristic_matrix_dataloaders.smells-train_10.pkl
    md5: 4c2499b167bd98487397e0ac1025d5d0
    size: 1062
  - path: metrics/smells_10/heuristics.smells/heuristic_metrics_dataloaders.smells-train_10.json
    md5: ee53d260cd541f43e554c20c21acabf7
    size: 17
smells_10_combine_heuristics:
  cmd: bohr apply-heuristics smells_10
  deps:
  - path: generated/smells_10/heuristics.smells/heuristic_matrix_dataloaders.smells-test_10.pkl
    md5: e2d56b2b7c4e0b4b86c2ea0d691f9d78
    size: 1062
  - path: generated/smells_10/heuristics.smells/heuristic_matrix_dataloaders.smells-train_10.pkl
    md5: 4c2499b167bd98487397e0ac1025d5d0
    size: 1062
  params:
    bohr.json:
      bohr_framework_version: 0.3.5-rc
  outs:
  - path: generated/smells_10/analysis_dataloaders.smells-test_10.csv
    md5: 9d0a63323e2d0380f35bed4d72fa8c29
    size: 208
  - path: generated/smells_10/analysis_dataloaders.smells-train_10.csv
    md5: 239455c680d4b7be217bfba2a1054a92
    size: 154
  - path: generated/smells_10/heuristic_matrix_dataloaders.smells-test_10.pkl
    md5: 2ce38024f0ad1cc68cb23b77919db715
    size: 1062
  - path: generated/smells_10/heuristic_matrix_dataloaders.smells-train_10.pkl
    md5: de9ed026c6715aa700bebf9fe284624b
    size: 1062
  - path: metrics/smells_10/analysis_dataloaders.smells-test_10.json
    md5: 1a7724e4aa09dcd35b39d795a49f51f9
    size: 990
  - path: metrics/smells_10/analysis_dataloaders.smells-train_10.json
    md5: 426a818c1d7dafd44ff4eb509248064f
    size: 578
  - path: metrics/smells_10/heuristic_metrics_dataloaders.smells-test_10.json
    md5: b086b94d247f5a011749cd1e968bf59d
    size: 43
  - path: metrics/smells_10/heuristic_metrics_dataloaders.smells-train_10.json
    md5: ee53d260cd541f43e554c20c21acabf7
    size: 17
preprocess_bugginess_train:
  cmd: 7z x downloaded-data/bugginess_train.7z -odata/bugginess
  deps:
  - path: downloaded-data/bugginess_train.7z
    md5: d4dc26c2b0f0704b1559f2c0ce6320d7
    size: 255969433
  outs:
  - path: data/bugginess/train/bug_sample.csv
    md5: 582037a749ed69771b87d7fc86ae04b8
    size: 58465759
  - path: data/bugginess/train/bug_sample_files.csv
    md5: 7dc7360abeaff8685958a5ec1497990a
    size: 2335330420
  - path: data/bugginess/train/bug_sample_issues.csv
    md5: 3aedc8183250c0d1f524a39ba2839140
    size: 95930368
bugginess-1k_apply_heuristics__heuristics_bugginess_main_heurstics__dataloaders_1151-commits:
  cmd: bohr apply-heuristics bugginess-1k --heuristic-group heuristics.bugginess.main_heurstics
    --dataset dataloaders.1151-commits
  deps:
  - path: data/bugginess/test/1151-commits.csv
    md5: 7b32f404edf5982eb4c5f51b956663c4
    size: 341651
  - path: dataloaders/1151-commits.py
    md5: a2bb6e9da60192fadaa7a9e724a8878d
    size: 347
  - path: heuristics/bugginess/main_heurstics.py
    md5: f6f7a772734ac4a4480ad90891c7f854
    size: 3643
  - path: heuristics/keywords
    md5: b4e7587c1b8e4e1461685a305d48bd66.dir
    size: 1382
    nfiles: 5
  - path: labels.py
    md5: 4ad220b4c289b2d8597bd6431c6565a6
    size: 1707
  params:
    bohr.json:
      bohr_framework_version: 0.3.5-rc
  outs:
  - path: generated/bugginess-1k/heuristics.bugginess.main_heurstics/heuristic_matrix_dataloaders.1151-commits.pkl
    md5: c6af762a98ee12ff2406081c5b2474d5
    size: 2820331
  - path: metrics/bugginess-1k/heuristics.bugginess.main_heurstics/heuristic_metrics_dataloaders.1151-commits.json
    md5: 16adebab6bd72efd82c59bb0178ac218
    size: 58
bugginess-1k_apply_heuristics__heuristics_bugginess_main_heurstics__dataloaders_berger:
  cmd: bohr apply-heuristics bugginess-1k --heuristic-group heuristics.bugginess.main_heurstics
    --dataset dataloaders.berger
  deps:
  - path: data/bugginess/test/berger.csv
    md5: 71b9738db6cb47e3af599da316e3b570
    size: 60847
  - path: dataloaders/berger.py
    md5: 9b5e256e35136df7e2848186472900b3
    size: 377
  - path: heuristics/bugginess/main_heurstics.py
    md5: f6f7a772734ac4a4480ad90891c7f854
    size: 3643
  - path: heuristics/keywords
    md5: b4e7587c1b8e4e1461685a305d48bd66.dir
    size: 1382
    nfiles: 5
  - path: labels.py
    md5: 4ad220b4c289b2d8597bd6431c6565a6
    size: 1707
  params:
    bohr.json:
      bohr_framework_version: 0.3.5-rc
  outs:
  - path: generated/bugginess-1k/heuristics.bugginess.main_heurstics/heuristic_matrix_dataloaders.berger.pkl
    md5: 801c9821d6c071c4e5a368d7cb9d752b
    size: 926891
  - path: metrics/bugginess-1k/heuristics.bugginess.main_heurstics/heuristic_metrics_dataloaders.berger.json
    md5: 639989505eb936664facb2154b900207
    size: 58
bugginess-1k_apply_heuristics__heuristics_bugginess_main_heurstics__dataloaders_bugginess-train-1k:
  cmd: bohr apply-heuristics bugginess-1k --heuristic-group heuristics.bugginess.main_heurstics
    --dataset dataloaders.bugginess-train-1k
  deps:
  - path: data/bugginess/train/bug_sample.csv
    md5: 582037a749ed69771b87d7fc86ae04b8
    size: 58465759
  - path: data/bugginess/train/bug_sample_files.csv
    md5: 7dc7360abeaff8685958a5ec1497990a
    size: 2335330420
  - path: data/bugginess/train/bug_sample_issues.csv
    md5: 3aedc8183250c0d1f524a39ba2839140
    size: 95930368
  - path: dataloaders/bugginess-train-1k.py
    md5: 20f8afe3c62111185f81f3eff410c82e
    size: 506
  - path: heuristics/bugginess/main_heurstics.py
    md5: f6f7a772734ac4a4480ad90891c7f854
    size: 3643
  - path: heuristics/keywords
    md5: b4e7587c1b8e4e1461685a305d48bd66.dir
    size: 1382
    nfiles: 5
  - path: labels.py
    md5: 4ad220b4c289b2d8597bd6431c6565a6
    size: 1707
  params:
    bohr.json:
      bohr_framework_version: 0.3.5-rc
  outs:
  - path: generated/bugginess-1k/heuristics.bugginess.main_heurstics/heuristic_matrix_dataloaders.bugginess-train-1k.pkl
    md5: bd219c19890c6b8d4257d4ac08a77475
    size: 2451891
  - path: metrics/bugginess-1k/heuristics.bugginess.main_heurstics/heuristic_metrics_dataloaders.bugginess-train-1k.json
    md5: 7c83e44d55ef0d1ccead9f6aeec0f77d
    size: 19
bugginess-1k_apply_heuristics__heuristics_bugginess_tool_heuristics__dataloaders_bugginess-train-1k:
  cmd: bohr apply-heuristics bugginess-1k --heuristic-group heuristics.bugginess.tool_heuristics
    --dataset dataloaders.bugginess-train-1k
  deps:
  - path: data/bugginess/train/bug_sample.csv
    md5: 582037a749ed69771b87d7fc86ae04b8
    size: 58465759
  - path: data/bugginess/train/bug_sample_files.csv
    md5: 7dc7360abeaff8685958a5ec1497990a
    size: 2335330420
  - path: data/bugginess/train/bug_sample_issues.csv
    md5: 3aedc8183250c0d1f524a39ba2839140
    size: 95930368
  - path: dataloaders/bugginess-train-1k.py
    md5: 20f8afe3c62111185f81f3eff410c82e
    size: 506
  - path: heuristics/bugginess/tool_heuristics.py
    md5: 844a3d49f4b06f24f0eab2fe4dbc8f31
    size: 727
  - path: heuristics/keywords
    md5: b4e7587c1b8e4e1461685a305d48bd66.dir
    size: 1382
    nfiles: 5
  - path: labels.py
    md5: 4ad220b4c289b2d8597bd6431c6565a6
    size: 1707
  params:
    bohr.json:
      bohr_framework_version: 0.3.5-rc
  outs:
  - path: generated/bugginess-1k/heuristics.bugginess.tool_heuristics/heuristic_matrix_dataloaders.bugginess-train-1k.pkl
    md5: 6588536575bf1db4ed178e1916f0665b
    size: 8775
  - path: metrics/bugginess-1k/heuristics.bugginess.tool_heuristics/heuristic_metrics_dataloaders.bugginess-train-1k.json
    md5: 90747343662116155b09e2920b157b6c
    size: 17
smells_10_train_label_model:
  cmd: bohr train-label-model smells_10 dataloaders.smells-train_10
  deps:
  - path: data/smells/test.csv
    md5: 0200db0eec17554a48a5b3a25719fd03
    size: 77607
  - path: dataloaders/smells-test_10.py
    md5: e060532d9db88d688a7c9c901c0da826
    size: 305
  - path: generated/smells_10/heuristic_matrix_dataloaders.smells-test_10.pkl
    md5: 2ce38024f0ad1cc68cb23b77919db715
    size: 1062
  - path: generated/smells_10/heuristic_matrix_dataloaders.smells-train_10.pkl
    md5: de9ed026c6715aa700bebf9fe284624b
    size: 1062
  params:
    bohr.json:
      bohr_framework_version: 0.3.5-rc
  outs:
  - path: generated/smells_10/label_model.pkl
    md5: 6dd11c182f3bc251278c3f91954eeda3
    size: 4889
  - path: metrics/smells_10/label_model_metrics.json
    md5: 2678d573a2a1388c89a2f3c168864f48
    size: 113
smells_10_label_dataset_dataloaders_smells-train_10:
  cmd: bohr label-dataset smells_10 dataloaders.smells-train_10
  deps:
  - path: data/smells/train.csv
    md5: 7fc9a7617e6f201523fba311317ba48f
    size: 296970
  - path: dataloaders/smells-train_10.py
    md5: 74090f91e5978f8e5a8589010c132ce8
    size: 307
  - path: generated/smells_10/heuristic_matrix_dataloaders.smells-train_10.pkl
    md5: de9ed026c6715aa700bebf9fe284624b
    size: 1062
  - path: generated/smells_10/label_model.pkl
    md5: 6dd11c182f3bc251278c3f91954eeda3
    size: 4889
  params:
    bohr.json:
      bohr_framework_version: 0.3.5-rc
  outs:
  - path: labeled-datasets/dataloaders.smells-train_10.labeled.csv
    md5: afe48dacf0dc2738f15a7672ba01c832
    size: 6195
bugginess-1k_apply_heuristics__heuristics_bugginess_tool_heuristics__dataloaders_1151-commits:
  cmd: bohr apply-heuristics bugginess-1k --heuristic-group heuristics.bugginess.tool_heuristics
    --dataset dataloaders.1151-commits
  deps:
  - path: data/bugginess/test/1151-commits.csv
    md5: 7b32f404edf5982eb4c5f51b956663c4
    size: 341651
  - path: dataloaders/1151-commits.py
    md5: a2bb6e9da60192fadaa7a9e724a8878d
    size: 347
  - path: heuristics/bugginess/tool_heuristics.py
    md5: 844a3d49f4b06f24f0eab2fe4dbc8f31
    size: 727
  - path: heuristics/keywords
    md5: b4e7587c1b8e4e1461685a305d48bd66.dir
    size: 1382
    nfiles: 5
  - path: labels.py
    md5: 4ad220b4c289b2d8597bd6431c6565a6
    size: 1707
  params:
    bohr.json:
      bohr_framework_version: 0.3.5-rc
  outs:
  - path: generated/bugginess-1k/heuristics.bugginess.tool_heuristics/heuristic_matrix_dataloaders.1151-commits.pkl
    md5: c249b890a201e94666dc95c9c7cb1bd4
    size: 9983
  - path: metrics/bugginess-1k/heuristics.bugginess.tool_heuristics/heuristic_metrics_dataloaders.1151-commits.json
    md5: 452fdb0e2c252999419be5771a3774cc
    size: 58
bugginess-1k_apply_heuristics__heuristics_bugginess_tool_heuristics__dataloaders_berger:
  cmd: bohr apply-heuristics bugginess-1k --heuristic-group heuristics.bugginess.tool_heuristics
    --dataset dataloaders.berger
  deps:
  - path: data/bugginess/test/berger.csv
    md5: 71b9738db6cb47e3af599da316e3b570
    size: 60847
  - path: dataloaders/berger.py
    md5: 9b5e256e35136df7e2848186472900b3
    size: 377
  - path: heuristics/bugginess/tool_heuristics.py
    md5: 844a3d49f4b06f24f0eab2fe4dbc8f31
    size: 727
  - path: heuristics/keywords
    md5: b4e7587c1b8e4e1461685a305d48bd66.dir
    size: 1382
    nfiles: 5
  - path: labels.py
    md5: 4ad220b4c289b2d8597bd6431c6565a6
    size: 1707
  params:
    bohr.json:
      bohr_framework_version: 0.3.5-rc
  outs:
  - path: generated/bugginess-1k/heuristics.bugginess.tool_heuristics/heuristic_matrix_dataloaders.berger.pkl
    md5: 69e25ef66180122ad15ee5cd6ca106ac
    size: 3775
  - path: metrics/bugginess-1k/heuristics.bugginess.tool_heuristics/heuristic_metrics_dataloaders.berger.json
    md5: c2fefb5ddd23aee9e2705356b8d131c1
    size: 59
bugginess-1k_combine_heuristics:
  cmd: bohr apply-heuristics bugginess-1k
  deps:
  - path: generated/bugginess-1k/heuristics.bugginess.main_heurstics/heuristic_matrix_dataloaders.1151-commits.pkl
    md5: c6af762a98ee12ff2406081c5b2474d5
    size: 2820331
  - path: generated/bugginess-1k/heuristics.bugginess.main_heurstics/heuristic_matrix_dataloaders.berger.pkl
    md5: 801c9821d6c071c4e5a368d7cb9d752b
    size: 926891
  - path: generated/bugginess-1k/heuristics.bugginess.main_heurstics/heuristic_matrix_dataloaders.bugginess-train-1k.pkl
    md5: bd219c19890c6b8d4257d4ac08a77475
    size: 2451891
  - path: generated/bugginess-1k/heuristics.bugginess.tool_heuristics/heuristic_matrix_dataloaders.1151-commits.pkl
    md5: c249b890a201e94666dc95c9c7cb1bd4
    size: 9983
  - path: generated/bugginess-1k/heuristics.bugginess.tool_heuristics/heuristic_matrix_dataloaders.berger.pkl
    md5: 69e25ef66180122ad15ee5cd6ca106ac
    size: 3775
  - path: generated/bugginess-1k/heuristics.bugginess.tool_heuristics/heuristic_matrix_dataloaders.bugginess-train-1k.pkl
    md5: 6588536575bf1db4ed178e1916f0665b
    size: 8775
  params:
    bohr.json:
      bohr_framework_version: 0.3.5-rc
  outs:
  - path: generated/bugginess-1k/analysis_dataloaders.1151-commits.csv
    md5: 6b2824f890d35cef270a6f3d49f06d35
    size: 24220
  - path: generated/bugginess-1k/analysis_dataloaders.berger.csv
    md5: af46d04da73b45146e8748548b9b0b0a
    size: 21737
  - path: generated/bugginess-1k/analysis_dataloaders.bugginess-train-1k.csv
    md5: a39e508c5a84827effb2f98569eb464b
    size: 16499
  - path: generated/bugginess-1k/heuristic_matrix_dataloaders.1151-commits.pkl
    md5: cba1208677a215f0f915f06dda4bc805
    size: 2829728
  - path: generated/bugginess-1k/heuristic_matrix_dataloaders.berger.pkl
    md5: 33d784944c11619befd0f6ce5497a622
    size: 930080
  - path: generated/bugginess-1k/heuristic_matrix_dataloaders.bugginess-train-1k.pkl
    md5: 2ba3e2bae5fb9d69033a6cc6facbebb2
    size: 2460080
  - path: metrics/bugginess-1k/analysis_dataloaders.1151-commits.json
    md5: cc3ff65a680d5a9182ebb77576fc0a65
    size: 109284
  - path: metrics/bugginess-1k/analysis_dataloaders.berger.json
    md5: 89158494bd30b12dc1f818f2dfb20696
    size: 106295
  - path: metrics/bugginess-1k/analysis_dataloaders.bugginess-train-1k.json
    md5: 2ef589b888b9da86203b024a1ecebf21
    size: 62682
  - path: metrics/bugginess-1k/heuristic_metrics_dataloaders.1151-commits.json
    md5: 16adebab6bd72efd82c59bb0178ac218
    size: 58
  - path: metrics/bugginess-1k/heuristic_metrics_dataloaders.berger.json
    md5: 639989505eb936664facb2154b900207
    size: 58
  - path: metrics/bugginess-1k/heuristic_metrics_dataloaders.bugginess-train-1k.json
    md5: 7c83e44d55ef0d1ccead9f6aeec0f77d
    size: 19
bugginess-1k_train_label_model:
  cmd: bohr train-label-model bugginess-1k dataloaders.bugginess-train-1k
  deps:
  - path: data/bugginess/test/1151-commits.csv
    md5: 7b32f404edf5982eb4c5f51b956663c4
    size: 341651
  - path: data/bugginess/test/berger.csv
    md5: 71b9738db6cb47e3af599da316e3b570
    size: 60847
  - path: dataloaders/1151-commits.py
    md5: a2bb6e9da60192fadaa7a9e724a8878d
    size: 347
  - path: dataloaders/berger.py
    md5: 9b5e256e35136df7e2848186472900b3
    size: 377
  - path: generated/bugginess-1k/heuristic_matrix_dataloaders.1151-commits.pkl
    md5: cba1208677a215f0f915f06dda4bc805
    size: 2829728
  - path: generated/bugginess-1k/heuristic_matrix_dataloaders.berger.pkl
    md5: 33d784944c11619befd0f6ce5497a622
    size: 930080
  - path: generated/bugginess-1k/heuristic_matrix_dataloaders.bugginess-train-1k.pkl
    md5: 2ba3e2bae5fb9d69033a6cc6facbebb2
    size: 2460080
  params:
    bohr.json:
      bohr_framework_version: 0.3.5-rc
  outs:
  - path: generated/bugginess-1k/label_model.pkl
    md5: 0e8a931ab7fbb5cac8e7cee6fb6f89c8
    size: 1912346
  - path: metrics/bugginess-1k/label_model_metrics.json
    md5: 85ad35b9020ffa37dc56a66ca142c0c9
    size: 207
bugginess-1k_label_dataset_dataloaders_1151-commits:
  cmd: bohr label-dataset bugginess-1k dataloaders.1151-commits
  deps:
  - path: data/bugginess/test/1151-commits.csv
    md5: 7b32f404edf5982eb4c5f51b956663c4
    size: 341651
  - path: dataloaders/1151-commits.py
    md5: a2bb6e9da60192fadaa7a9e724a8878d
    size: 347
  - path: generated/bugginess-1k/heuristic_matrix_dataloaders.1151-commits.pkl
    md5: cba1208677a215f0f915f06dda4bc805
    size: 2829728
  - path: generated/bugginess-1k/label_model.pkl
    md5: 0e8a931ab7fbb5cac8e7cee6fb6f89c8
    size: 1912346
  params:
    bohr.json:
      bohr_framework_version: 0.3.5-rc
  outs:
  - path: labeled-datasets/dataloaders.1151-commits.labeled.csv
    md5: c6f877f09f57d26562fe1aa5f8d0f081
    size: 359429
smells_10_label_dataset_dataloaders_smells-test_10:
  cmd: bohr label-dataset smells_10 dataloaders.smells-test_10
  deps:
  - path: data/smells/test.csv
    md5: 0200db0eec17554a48a5b3a25719fd03
    size: 77607
  - path: dataloaders/smells-test_10.py
    md5: e060532d9db88d688a7c9c901c0da826
    size: 305
  - path: generated/smells_10/heuristic_matrix_dataloaders.smells-test_10.pkl
    md5: 2ce38024f0ad1cc68cb23b77919db715
    size: 1062
  - path: generated/smells_10/label_model.pkl
    md5: 6dd11c182f3bc251278c3f91954eeda3
    size: 4889
  params:
    bohr.json:
      bohr_framework_version: 0.3.5-rc
  outs:
  - path: labeled-datasets/dataloaders.smells-test_10.labeled.csv
    md5: 3bef09cc8ae3923b910b9416c989cce1
    size: 5845
bugginess-1k_label_dataset_dataloaders_bugginess-train-1k:
  cmd: bohr label-dataset bugginess-1k dataloaders.bugginess-train-1k
  deps:
  - path: data/bugginess/train/bug_sample.csv
    md5: 582037a749ed69771b87d7fc86ae04b8
    size: 58465759
  - path: data/bugginess/train/bug_sample_files.csv
    md5: 7dc7360abeaff8685958a5ec1497990a
    size: 2335330420
  - path: data/bugginess/train/bug_sample_issues.csv
    md5: 3aedc8183250c0d1f524a39ba2839140
    size: 95930368
  - path: dataloaders/bugginess-train-1k.py
    md5: 20f8afe3c62111185f81f3eff410c82e
    size: 506
  - path: generated/bugginess-1k/heuristic_matrix_dataloaders.bugginess-train-1k.pkl
    md5: 2ba3e2bae5fb9d69033a6cc6facbebb2
    size: 2460080
  - path: generated/bugginess-1k/label_model.pkl
    md5: 0e8a931ab7fbb5cac8e7cee6fb6f89c8
    size: 1912346
  params:
    bohr.json:
      bohr_framework_version: 0.3.5-rc
  outs:
  - path: labeled-datasets/dataloaders.bugginess-train-1k.labeled.csv
    md5: 91868b5d6e15aeabeb45db149def6d80
    size: 168916
bugginess-1k_label_dataset_dataloaders_berger:
  cmd: bohr label-dataset bugginess-1k dataloaders.berger
  deps:
  - path: data/bugginess/test/berger.csv
    md5: 71b9738db6cb47e3af599da316e3b570
    size: 60847
  - path: dataloaders/berger.py
    md5: 9b5e256e35136df7e2848186472900b3
    size: 377
  - path: generated/bugginess-1k/heuristic_matrix_dataloaders.berger.pkl
    md5: 33d784944c11619befd0f6ce5497a622
    size: 930080
  - path: generated/bugginess-1k/label_model.pkl
    md5: 0e8a931ab7fbb5cac8e7cee6fb6f89c8
    size: 1912346
  params:
    bohr.json:
      bohr_framework_version: 0.3.5-rc
  outs:
  - path: labeled-datasets/dataloaders.berger.labeled.csv
    md5: 95b9186db579a7fc3829d38460600e29
    size: 66675
